<?xml version="1.0" encoding="utf-8"?>
<Project ToolsVersion="4.0" xmlns="http://schemas.microsoft.com/developer/msbuild/2003">
  <ItemGroup>
    <Filter Include="Source Files">
      <UniqueIdentifier>{4FC737F1-C7A5-4376-A066-2A32D752A2FF}</UniqueIdentifier>
      <Extensions>cpp;c;cc;cxx;def;odl;idl;hpj;bat;asm;asmx</Extensions>
    </Filter>
    <Filter Include="Header Files">
      <UniqueIdentifier>{93995380-89BD-4b04-88EB-625FBE52EBFB}</UniqueIdentifier>
      <Extensions>h;hh;hpp;hxx;hm;inl;inc;xsd</Extensions>
    </Filter>
    <Filter Include="Resource Files">
      <UniqueIdentifier>{67DA6AB6-F800-4c08-8B7A-83BB121AAD01}</UniqueIdentifier>
      <Extensions>rc;ico;cur;bmp;dlg;rc2;rct;bin;rgs;gif;jpg;jpeg;jpe;resx;tiff;tif;png;wav;mfcribbon-ms</Extensions>
    </Filter>
    <Filter Include="Header Files\components">
      <UniqueIdentifier>{41e55536-61e9-4f8a-b818-b055aca6946f}</UniqueIdentifier>
    </Filter>
    <Filter Include="Source Files\components">
      <UniqueIdentifier>{abe8d9d7-b138-49eb-b36c-63654f80b5bf}</UniqueIdentifier>
    </Filter>
    <Filter Include="Header Files\actions">
      <UniqueIdentifier>{df0cff57-ca71-4b6a-a2b1-9e5d18c57a9f}</UniqueIdentifier>
    </Filter>
    <Filter Include="Header Files\chi">
      <UniqueIdentifier>{44efa09a-cd6d-486f-a2b9-19cd1c2e0b8d}</UniqueIdentifier>
    </Filter>
    <Filter Include="Header Files\chi\components">
      <UniqueIdentifier>{8aa5f332-d09e-41ff-90be-57fb3e6c8e20}</UniqueIdentifier>
    </Filter>
    <Filter Include="Header Files\chi\actions">
      <UniqueIdentifier>{8373ff49-e84a-4eee-821a-3c53abcf45bf}</UniqueIdentifier>
    </Filter>
    <Filter Include="Source Files\chi">
      <UniqueIdentifier>{66d0e42d-23b5-4388-ae15-8ff57b1efc7c}</UniqueIdentifier>
    </Filter>
    <Filter Include="Source Files\chi\components">
      <UniqueIdentifier>{91751204-33fd-42e3-8184-05286f12b9e0}</UniqueIdentifier>
    </Filter>
    <Filter Include="Source Files\chi\actions">
      <UniqueIdentifier>{ed7e22fb-08df-4c7f-bc16-3dbd7deda892}</UniqueIdentifier>
    </Filter>
  </ItemGroup>
  <ItemGroup>
    <ClCompile Include="main.cpp">
      <Filter>Source Files</Filter>
    </ClCompile>
    <ClCompile Include="GameClient.cpp">
      <Filter>Source Files</Filter>
    </ClCompile>
    <ClCompile Include="Utility.cpp">
      <Filter>Source Files</Filter>
    </ClCompile>
    <ClCompile Include="Pathing.cpp">
      <Filter>Source Files</Filter>
    </ClCompile>
    <ClCompile Include="Inventory.cpp">
      <Filter>Source Files</Filter>
    </ClCompile>
    <ClCompile Include="WorldGraph.cpp">
      <Filter>Source Files</Filter>
    </ClCompile>
    <ClCompile Include="Steering.cpp">
      <Filter>Source Files</Filter>
    </ClCompile>
    <ClCompile Include="Actor.cpp">
      <Filter>Source Files</Filter>
    </ClCompile>
    <ClCompile Include="Collision.cpp">
      <Filter>Source Files</Filter>
    </ClCompile>
    <ClCompile Include="components\JumpComponent.cpp">
      <Filter>Source Files\components</Filter>
    </ClCompile>
    <ClCompile Include="components\PhysicsComponent.cpp">
      <Filter>Source Files\components</Filter>
    </ClCompile>
    <ClCompile Include="components\SpeedComponent.cpp">
      <Filter>Source Files\components</Filter>
    </ClCompile>
    <ClCompile Include="components\SynchronizationComponent.cpp">
      <Filter>Source Files\components</Filter>
    </ClCompile>
    <ClCompile Include="components\TargetingComponent.cpp">
      <Filter>Source Files\components</Filter>
    </ClCompile>
    <ClCompile Include="BotUpdate.cpp">
      <Filter>Source Files</Filter>
    </ClCompile>
    <ClCompile Include="Pathfinder.cpp">
      <Filter>Source Files</Filter>
    </ClCompile>
    <ClCompile Include="PlayerList.cpp">
      <Filter>Source Files</Filter>
    </ClCompile>
    <ClCompile Include="chi\ChiBot.cpp">
      <Filter>Source Files\chi</Filter>
    </ClCompile>
    <ClCompile Include="chi\actions\AttackAction.cpp">
      <Filter>Source Files\chi\actions</Filter>
    </ClCompile>
    <ClCompile Include="chi\actions\AbilityAction.cpp">
      <Filter>Source Files\chi\actions</Filter>
    </ClCompile>
    <ClCompile Include="chi\components\StuckComponent.cpp">
      <Filter>Source Files\chi\components</Filter>
    </ClCompile>
    <ClCompile Include="components\EffectComponent.cpp">
      <Filter>Source Files\components</Filter>
    </ClCompile>
  </ItemGroup>
  <ItemGroup>
    <ClInclude Include="GameClient.h">
      <Filter>Header Files</Filter>
    </ClInclude>
    <ClInclude Include="Utility.h">
      <Filter>Header Files</Filter>
    </ClInclude>
    <ClInclude Include="Pathing.h">
      <Filter>Header Files</Filter>
    </ClInclude>
    <ClInclude Include="Inventory.h">
      <Filter>Header Files</Filter>
    </ClInclude>
    <ClInclude Include="WorldGraph.h">
      <Filter>Header Files</Filter>
    </ClInclude>
    <ClInclude Include="Steering.h">
      <Filter>Header Files</Filter>
    </ClInclude>
    <ClInclude Include="Actor.h">
      <Filter>Header Files</Filter>
    </ClInclude>
    <ClInclude Include="Collision.h">
      <Filter>Header Files</Filter>
    </ClInclude>
    <ClInclude Include="Decision.h">
      <Filter>Header Files</Filter>
    </ClInclude>
    <ClInclude Include="Math.h">
      <Filter>Header Files</Filter>
    </ClInclude>
    <ClInclude Include="components\JumpComponent.h">
      <Filter>Header Files\components</Filter>
    </ClInclude>
    <ClInclude Include="components\PhysicsComponent.h">
      <Filter>Header Files\components</Filter>
    </ClInclude>
    <ClInclude Include="components\SpeedComponent.h">
      <Filter>Header Files\components</Filter>
    </ClInclude>
    <ClInclude Include="components\SynchronizationComponent.h">
      <Filter>Header Files\components</Filter>
    </ClInclude>
    <ClInclude Include="components\TargetingComponent.h">
      <Filter>Header Files\components</Filter>
    </ClInclude>
    <ClInclude Include="Component.h">
      <Filter>Header Files</Filter>
    </ClInclude>
    <ClInclude Include="BotUpdate.h">
      <Filter>Header Files</Filter>
    </ClInclude>
    <ClInclude Include="Pathfinder.h">
      <Filter>Header Files</Filter>
    </ClInclude>
    <ClInclude Include="PlayerList.h">
      <Filter>Header Files</Filter>
    </ClInclude>
    <ClInclude Include="actions\WanderAction.h">
      <Filter>Header Files\actions</Filter>
    </ClInclude>
    <ClInclude Include="chi\actions\AbilityAction.h">
      <Filter>Header Files\chi\actions</Filter>
    </ClInclude>
    <ClInclude Include="chi\actions\AttackAction.h">
      <Filter>Header Files\chi\actions</Filter>
    </ClInclude>
    <ClInclude Include="chi\ChiBot.h">
      <Filter>Header Files\chi</Filter>
    </ClInclude>
    <ClInclude Include="chi\components\StuckComponent.h">
      <Filter>Header Files\chi\components</Filter>
    </ClInclude>
    <ClInclude Include="components\EffectComponent.h">
      <Filter>Header Files\components</Filter>
    </ClInclude>
  </ItemGroup>
</Project>